
Microsoft Visual Studio Solution File, Format Version 12.00
# Visual Studio Version 17
VisualStudioVersion = 17.5.002.0
MinimumVisualStudioVersion = 10.0.40219.1
Project("{9A19103F-16F7-4668-BE54-9A1E7A4F7556}") = "secondProject", "secondProject.csproj", "{C29261F9-6F83-4440-9643-D8CF4D4CB75A}"
EndProject
Global
	GlobalSection(SolutionConfigurationPlatforms) = preSolution
		Debug|Any CPU = Debug|Any CPU
		Release|Any CPU = Release|Any CPU
	EndGlobalSection
	GlobalSection(ProjectConfigurationPlatforms) = postSolution
		{C29261F9-6F83-4440-9643-D8CF4D4CB75A}.Debug|Any CPU.ActiveCfg = Debug|Any CPU
		{C29261F9-6F83-4440-9643-D8CF4D4CB75A}.Debug|Any CPU.Build.0 = Debug|Any CPU
		{C29261F9-6F83-4440-9643-D8CF4D4CB75A}.Release|Any CPU.ActiveCfg = Release|Any CPU
		{C29261F9-6F83-4440-9643-D8CF4D4CB75A}.Release|Any CPU.Build.0 = Release|Any CPU
	EndGlobalSection
	GlobalSection(SolutionProperties) = preSolution
		HideSolutionNode = FALSE
	EndGlobalSection
	GlobalSection(ExtensibilityGlobals) = postSolution
		SolutionGuid = {29E3E86F-371D-4D3A-9D82-CF65AC1FF141}
	EndGlobalSection
EndGlobal
